{
  "name": "lesson_12",
  "version": "1.0.0",
  "lockfileVersion": 3,
  "requires": true,
  "packages": {
    "": {
      "name": "lesson_12",
      "version": "1.0.0",
      "license": "ISC",
      "dependencies": {
        "gimatria": "^1.0.1"
      }
    },
    "node_modules/gimatria": {
      "version": "1.0.1",
      "resolved": "https://registry.npmjs.org/gimatria/-/gimatria-1.0.1.tgz",
      "integrity": "sha512-pHWnXEj+R4RrQrl7D9houtB0BU/fo0+FL09bwcva+8ldFKTHnSfKTM5e2ay996uLJcpY8K561Xnp/t+Wi5KjSg==",
      "license": "MIT"
    }
  }
}
